// !$*UTF8*$!
{
	archiveVersion = 1;
	classes = {
	};
	objectVersion = 77;
	objects = {

/* Begin PBXBuildFile section */
		96E9B1602FDAEBD000B34741 /* AppDelegate.swift in Sources */ = {isa = PBXBuildFile; fileRef = 96E9B15F2FDAEBD000B34741 /* AppDelegate.swift */; };
		96E9B1622FDAEBD000B34741 /* SceneDelegate.swift in Sources */ = {isa = PBXBuildFile; fileRef = 96E9B1612FDAEBD000B34741 /* SceneDelegate.swift */; };
		96E9B1652FDAEBD000B34741 /* LaunchScreen.storyboard in Resources */ = {isa = PBXBuildFile; fileRef = 96E9B1632FDAEBD000B34741 /* LaunchScreen.storyboard */; };
		96E9B1682FDAEBD000B34741 /* Main.storyboard in Resources */ = {isa = PBXBuildFile; fileRef = 96E9B1662FDAEBD000B34741 /* Main.storyboard */; };
		96E9B1712FDAEBD000B34741 /* AppDelegate.swift in Sources */ = {isa = PBXBuildFile; fileRef = 96E9B1702FDAEBD000B34741 /* AppDelegate.swift */; };
		96E9B1742FDAEBD000B34741 /* Main.storyboard in Resources */ = {isa = PBXBuildFile; fileRef = 96E9B1722FDAEBD000B34741 /* Main.storyboard */; };
		96E9B17B2FDAEBD000B34741 /* Reddirama Extension.appex in Embed Foundation Extensions */ = {isa = PBXBuildFile; fileRef = 96E9B17A2FDAEBD000B34741 /* Reddirama Extension.appex */; settings = {ATTRIBUTES = (RemoveHeadersOnCopy, ); }; };
		96E9B1852FDAEBD000B34741 /* Reddirama Extension.appex in Embed Foundation Extensions */ = {isa = PBXBuildFile; fileRef = 96E9B1842FDAEBD000B34741 /* Reddirama Extension.appex */; settings = {ATTRIBUTES = (RemoveHeadersOnCopy, ); }; };
		96E9B18A2FDAEBD000B34741 /* Main.html in Resources */ = {isa = PBXBuildFile; fileRef = 96E9B14F2FDAEBCE00B34741 /* Main.html */; };
		96E9B18B2FDAEBD000B34741 /* Main.html in Resources */ = {isa = PBXBuildFile; fileRef = 96E9B14F2FDAEBCE00B34741 /* Main.html */; };
		96E9B18C2FDAEBD000B34741 /* Icon.png in Resources */ = {isa = PBXBuildFile; fileRef = 96E9B1512FDAEBCE00B34741 /* Icon.png */; };
		96E9B18D2FDAEBD000B34741 /* Icon.png in Resources */ = {isa = PBXBuildFile; fileRef = 96E9B1512FDAEBCE00B34741 /* Icon.png */; };
		96E9B18E2FDAEBD000B34741 /* Style.css in Resources */ = {isa = PBXBuildFile; fileRef = 96E9B1522FDAEBCE00B34741 /* Style.css */; };
		96E9B18F2FDAEBD000B34741 /* Style.css in Resources */ = {isa = PBXBuildFile; fileRef = 96E9B1522FDAEBCE00B34741 /* Style.css */; };
		96E9B1902FDAEBD000B34741 /* Script.js in Resources */ = {isa = PBXBuildFile; fileRef = 96E9B1532FDAEBCE00B34741 /* Script.js */; };
		96E9B1912FDAEBD000B34741 /* Script.js in Resources */ = {isa = PBXBuildFile; fileRef = 96E9B1532FDAEBCE00B34741 /* Script.js */; };
		96E9B1922FDAEBD000B34741 /* ViewController.swift in Sources */ = {isa = PBXBuildFile; fileRef = 96E9B1542FDAEBCE00B34741 /* ViewController.swift */; };
		96E9B1932FDAEBD000B34741 /* ViewController.swift in Sources */ = {isa = PBXBuildFile; fileRef = 96E9B1542FDAEBCE00B34741 /* ViewController.swift */; };
		96E9B1942FDAEBD000B34741 /* Assets.xcassets in Resources */ = {isa = PBXBuildFile; fileRef = 96E9B1552FDAEBD000B34741 /* Assets.xcassets */; };
		96E9B1952FDAEBD000B34741 /* Assets.xcassets in Resources */ = {isa = PBXBuildFile; fileRef = 96E9B1552FDAEBD000B34741 /* Assets.xcassets */; };
		96E9B1962FDAEBD000B34741 /* SafariWebExtensionHandler.swift in Sources */ = {isa = PBXBuildFile; fileRef = 96E9B1572FDAEBD000B34741 /* SafariWebExtensionHandler.swift */; };
		96E9B1972FDAEBD000B34741 /* SafariWebExtensionHandler.swift in Sources */ = {isa = PBXBuildFile; fileRef = 96E9B1572FDAEBD000B34741 /* SafariWebExtensionHandler.swift */; };
		96E9B1AD2FDAEBD400B34741 /* README.md in Resources */ = {isa = PBXBuildFile; fileRef = 96E9B1A92FDAEBD400B34741 /* README.md */; };
		96E9B1AE2FDAEBD400B34741 /* icons in Resources */ = {isa = PBXBuildFile; fileRef = 96E9B1AA2FDAEBD400B34741 /* icons */; };
		96E9B1AF2FDAEBD400B34741 /* manifest.json in Resources */ = {isa = PBXBuildFile; fileRef = 96E9B1AB2FDAEBD400B34741 /* manifest.json */; };
		96E9B1B02FDAEBD400B34741 /* content.js in Resources */ = {isa = PBXBuildFile; fileRef = 96E9B1AC2FDAEBD400B34741 /* content.js */; };
		96E9B1B12FDAEBD400B34741 /* README.md in Resources */ = {isa = PBXBuildFile; fileRef = 96E9B1A92FDAEBD400B34741 /* README.md */; };
		96E9B1B22FDAEBD400B34741 /* icons in Resources */ = {isa = PBXBuildFile; fileRef = 96E9B1AA2FDAEBD400B34741 /* icons */; };
		96E9B1B32FDAEBD400B34741 /* manifest.json in Resources */ = {isa = PBXBuildFile; fileRef = 96E9B1AB2FDAEBD400B34741 /* manifest.json */; };
		96E9B1B42FDAEBD400B34741 /* content.js in Resources */ = {isa = PBXBuildFile; fileRef = 96E9B1AC2FDAEBD400B34741 /* content.js */; };
/* End PBXBuildFile section */

/* Begin PBXContainerItemProxy section */
		96E9B17C2FDAEBD000B34741 /* PBXContainerItemProxy */ = {
			isa = PBXContainerItemProxy;
			containerPortal = 96E9B1492FDAEBCE00B34741 /* Project object */;
			proxyType = 1;
			remoteGlobalIDString = 96E9B1792FDAEBD000B34741;
			remoteInfo = "Reddirama Extension (iOS)";
		};
		96E9B1862FDAEBD000B34741 /* PBXContainerItemProxy */ = {
			isa = PBXContainerItemProxy;
			containerPortal = 96E9B1492FDAEBCE00B34741 /* Project object */;
			proxyType = 1;
			remoteGlobalIDString = 96E9B1832FDAEBD000B34741;
			remoteInfo = "Reddirama Extension (macOS)";
		};
/* End PBXContainerItemProxy section */

/* Begin PBXCopyFilesBuildPhase section */
		96E9B19D2FDAEBD000B34741 /* Embed Foundation Extensions */ = {
			isa = PBXCopyFilesBuildPhase;
			buildActionMask = 2147483647;
			dstPath = "";
			dstSubfolderSpec = 13;
			files = (
				96E9B17B2FDAEBD000B34741 /* Reddirama Extension.appex in Embed Foundation Extensions */,
			);
			name = "Embed Foundation Extensions";
			runOnlyForDeploymentPostprocessing = 0;
		};
		96E9B1A42FDAEBD000B34741 /* Embed Foundation Extensions */ = {
			isa = PBXCopyFilesBuildPhase;
			buildActionMask = 2147483647;
			dstPath = "";
			dstSubfolderSpec = 13;
			files = (
				96E9B1852FDAEBD000B34741 /* Reddirama Extension.appex in Embed Foundation Extensions */,
			);
			name = "Embed Foundation Extensions";
			runOnlyForDeploymentPostprocessing = 0;
		};
/* End PBXCopyFilesBuildPhase section */

/* Begin PBXFileReference section */
		96E9B1502FDAEBCE00B34741 /* Base */ = {isa = PBXFileReference; lastKnownFileType = text.html; name = Base; path = Base.lproj/Main.html; sourceTree = "<group>"; };
		96E9B1512FDAEBCE00B34741 /* Icon.png */ = {isa = PBXFileReference; lastKnownFileType = image.png; path = Icon.png; sourceTree = "<group>"; };
		96E9B1522FDAEBCE00B34741 /* Style.css */ = {isa = PBXFileReference; lastKnownFileType = text.css; path = Style.css; sourceTree = "<group>"; };
		96E9B1532FDAEBCE00B34741 /* Script.js */ = {isa = PBXFileReference; lastKnownFileType = sourcecode.javascript; path = Script.js; sourceTree = "<group>"; };
		96E9B1542FDAEBCE00B34741 /* ViewController.swift */ = {isa = PBXFileReference; lastKnownFileType = sourcecode.swift; path = ViewController.swift; sourceTree = "<group>"; };
		96E9B1552FDAEBD000B34741 /* Assets.xcassets */ = {isa = PBXFileReference; lastKnownFileType = folder.assetcatalog; path = Assets.xcassets; sourceTree = "<group>"; };
		96E9B1572FDAEBD000B34741 /* SafariWebExtensionHandler.swift */ = {isa = PBXFileReference; lastKnownFileType = sourcecode.swift; path = SafariWebExtensionHandler.swift; sourceTree = "<group>"; };
		96E9B15C2FDAEBD000B34741 /* Reddirama.app */ = {isa = PBXFileReference; explicitFileType = wrapper.application; includeInIndex = 0; path = Reddirama.app; sourceTree = BUILT_PRODUCTS_DIR; };
		96E9B15F2FDAEBD000B34741 /* AppDelegate.swift */ = {isa = PBXFileReference; lastKnownFileType = sourcecode.swift; path = AppDelegate.swift; sourceTree = "<group>"; };
		96E9B1612FDAEBD000B34741 /* SceneDelegate.swift */ = {isa = PBXFileReference; lastKnownFileType = sourcecode.swift; path = SceneDelegate.swift; sourceTree = "<group>"; };
		96E9B1642FDAEBD000B34741 /* Base */ = {isa = PBXFileReference; lastKnownFileType = file.storyboard; name = Base; path = Base.lproj/LaunchScreen.storyboard; sourceTree = "<group>"; };
		96E9B1672FDAEBD000B34741 /* Base */ = {isa = PBXFileReference; lastKnownFileType = file.storyboard; name = Base; path = Base.lproj/Main.storyboard; sourceTree = "<group>"; };
		96E9B1692FDAEBD000B34741 /* Info.plist */ = {isa = PBXFileReference; lastKnownFileType = text.plist.xml; path = Info.plist; sourceTree = "<group>"; };
		96E9B16E2FDAEBD000B34741 /* Reddirama.app */ = {isa = PBXFileReference; explicitFileType = wrapper.application; includeInIndex = 0; path = Reddirama.app; sourceTree = BUILT_PRODUCTS_DIR; };
		96E9B1702FDAEBD000B34741 /* AppDelegate.swift */ = {isa = PBXFileReference; lastKnownFileType = sourcecode.swift; path = AppDelegate.swift; sourceTree = "<group>"; };
		96E9B1732FDAEBD000B34741 /* Base */ = {isa = PBXFileReference; lastKnownFileType = file.storyboard; name = Base; path = Base.lproj/Main.storyboard; sourceTree = "<group>"; };
		96E9B1752FDAEBD000B34741 /* Info.plist */ = {isa = PBXFileReference; lastKnownFileType = text.plist.xml; path = Info.plist; sourceTree = "<group>"; };
		96E9B17A2FDAEBD000B34741 /* Reddirama Extension.appex */ = {isa = PBXFileReference; explicitFileType = "wrapper.app-extension"; includeInIndex = 0; path = "Reddirama Extension.appex"; sourceTree = BUILT_PRODUCTS_DIR; };
		96E9B17F2FDAEBD000B34741 /* Info.plist */ = {isa = PBXFileReference; lastKnownFileType = text.plist.xml; path = Info.plist; sourceTree = "<group>"; };
		96E9B1842FDAEBD000B34741 /* Reddirama Extension.appex */ = {isa = PBXFileReference; explicitFileType = "wrapper.app-extension"; includeInIndex = 0; path = "Reddirama Extension.appex"; sourceTree = BUILT_PRODUCTS_DIR; };
		96E9B1892FDAEBD000B34741 /* Info.plist */ = {isa = PBXFileReference; lastKnownFileType = text.plist.xml; path = Info.plist; sourceTree = "<group>"; };
		96E9B1A92FDAEBD400B34741 /* README.md */ = {isa = PBXFileReference; lastKnownFileType = net.daringfireball.markdown; name = README.md; path = Resources/README.md; sourceTree = "<group>"; };
		96E9B1AA2FDAEBD400B34741 /* icons */ = {isa = PBXFileReference; lastKnownFileType = folder; name = icons; path = Resources/icons; sourceTree = "<group>"; };
		96E9B1AB2FDAEBD400B34741 /* manifest.json */ = {isa = PBXFileReference; lastKnownFileType = text.json; name = manifest.json; path = Resources/manifest.json; sourceTree = "<group>"; };
		96E9B1AC2FDAEBD400B34741 /* content.js */ = {isa = PBXFileReference; lastKnownFileType = sourcecode.javascript; name = content.js; path = Resources/content.js; sourceTree = "<group>"; };
/* End PBXFileReference section */

/* Begin PBXFrameworksBuildPhase section */
		96E9B1592FDAEBD000B34741 /* Frameworks */ = {
			isa = PBXFrameworksBuildPhase;
			buildActionMask = 2147483647;
			files = (
			);
			runOnlyForDeploymentPostprocessing = 0;
		};
		96E9B16B2FDAEBD000B34741 /* Frameworks */ = {
			isa = PBXFrameworksBuildPhase;
			buildActionMask = 2147483647;
			files = (
			);
			runOnlyForDeploymentPostprocessing = 0;
		};
		96E9B1772FDAEBD000B34741 /* Frameworks */ = {
			isa = PBXFrameworksBuildPhase;
			buildActionMask = 2147483647;
			files = (
			);
			runOnlyForDeploymentPostprocessing = 0;
		};
		96E9B1812FDAEBD000B34741 /* Frameworks */ = {
			isa = PBXFrameworksBuildPhase;
			buildActionMask = 2147483647;
			files = (
			);
			runOnlyForDeploymentPostprocessing = 0;
		};
/* End PBXFrameworksBuildPhase section */

/* Begin PBXGroup section */
		96E9B1482FDAEBCE00B34741 = {
			isa = PBXGroup;
			children = (
				96E9B14D2FDAEBCE00B34741 /* Shared (App) */,
				96E9B1562FDAEBD000B34741 /* Shared (Extension) */,
				96E9B15E2FDAEBD000B34741 /* iOS (App) */,
				96E9B16F2FDAEBD000B34741 /* macOS (App) */,
				96E9B17E2FDAEBD000B34741 /* iOS (Extension) */,
				96E9B1882FDAEBD000B34741 /* macOS (Extension) */,
				96E9B15D2FDAEBD000B34741 /* Products */,
			);
			sourceTree = "<group>";
		};
		96E9B14D2FDAEBCE00B34741 /* Shared (App) */ = {
			isa = PBXGroup;
			children = (
				96E9B1542FDAEBCE00B34741 /* ViewController.swift */,
				96E9B1552FDAEBD000B34741 /* Assets.xcassets */,
				96E9B14E2FDAEBCE00B34741 /* Resources */,
			);
			path = "Shared (App)";
			sourceTree = "<group>";
		};
		96E9B14E2FDAEBCE00B34741 /* Resources */ = {
			isa = PBXGroup;
			children = (
				96E9B14F2FDAEBCE00B34741 /* Main.html */,
				96E9B1512FDAEBCE00B34741 /* Icon.png */,
				96E9B1522FDAEBCE00B34741 /* Style.css */,
				96E9B1532FDAEBCE00B34741 /* Script.js */,
			);
			path = Resources;
			sourceTree = "<group>";
		};
		96E9B1562FDAEBD000B34741 /* Shared (Extension) */ = {
			isa = PBXGroup;
			children = (
				96E9B1A82FDAEBD400B34741 /* Resources */,
				96E9B1572FDAEBD000B34741 /* SafariWebExtensionHandler.swift */,
			);
			path = "Shared (Extension)";
			sourceTree = "<group>";
		};
		96E9B15D2FDAEBD000B34741 /* Products */ = {
			isa = PBXGroup;
			children = (
				96E9B15C2FDAEBD000B34741 /* Reddirama.app */,
				96E9B16E2FDAEBD000B34741 /* Reddirama.app */,
				96E9B17A2FDAEBD000B34741 /* Reddirama Extension.appex */,
				96E9B1842FDAEBD000B34741 /* Reddirama Extension.appex */,
			);
			name = Products;
			sourceTree = "<group>";
		};
		96E9B15E2FDAEBD000B34741 /* iOS (App) */ = {
			isa = PBXGroup;
			children = (
				96E9B15F2FDAEBD000B34741 /* AppDelegate.swift */,
				96E9B1612FDAEBD000B34741 /* SceneDelegate.swift */,
				96E9B1632FDAEBD000B34741 /* LaunchScreen.storyboard */,
				96E9B1662FDAEBD000B34741 /* Main.storyboard */,
				96E9B1692FDAEBD000B34741 /* Info.plist */,
			);
			path = "iOS (App)";
			sourceTree = "<group>";
		};
		96E9B16F2FDAEBD000B34741 /* macOS (App) */ = {
			isa = PBXGroup;
			children = (
				96E9B1702FDAEBD000B34741 /* AppDelegate.swift */,
				96E9B1722FDAEBD000B34741 /* Main.storyboard */,
				96E9B1752FDAEBD000B34741 /* Info.plist */,
			);
			path = "macOS (App)";
			sourceTree = "<group>";
		};
		96E9B17E2FDAEBD000B34741 /* iOS (Extension) */ = {
			isa = PBXGroup;
			children = (
				96E9B17F2FDAEBD000B34741 /* Info.plist */,
			);
			path = "iOS (Extension)";
			sourceTree = "<group>";
		};
		96E9B1882FDAEBD000B34741 /* macOS (Extension) */ = {
			isa = PBXGroup;
			children = (
				96E9B1892FDAEBD000B34741 /* Info.plist */,
			);
			path = "macOS (Extension)";
			sourceTree = "<group>";
		};
		96E9B1A82FDAEBD400B34741 /* Resources */ = {
			isa = PBXGroup;
			children = (
				96E9B1A92FDAEBD400B34741 /* README.md */,
				96E9B1AA2FDAEBD400B34741 /* icons */,
				96E9B1AB2FDAEBD400B34741 /* manifest.json */,
				96E9B1AC2FDAEBD400B34741 /* content.js */,
			);
			name = Resources;
			path = "Shared (Extension)";
			sourceTree = SOURCE_ROOT;
		};
/* End PBXGroup section */

/* Begin PBXNativeTarget section */
		96E9B15B2FDAEBD000B34741 /* Reddirama (iOS) */ = {
			isa = PBXNativeTarget;
			buildConfigurationList = 96E9B19E2FDAEBD000B34741 /* Build configuration list for PBXNativeTarget "Reddirama (iOS)" */;
			buildPhases = (
				96E9B1582FDAEBD000B34741 /* Sources */,
				96E9B1592FDAEBD000B34741 /* Frameworks */,
				96E9B15A2FDAEBD000B34741 /* Resources */,
				96E9B19D2FDAEBD000B34741 /* Embed Foundation Extensions */,
			);
			buildRules = (
			);
			dependencies = (
				96E9B17D2FDAEBD000B34741 /* PBXTargetDependency */,
			);
			name = "Reddirama (iOS)";
			packageProductDependencies = (
			);
			productName = "Reddirama (iOS)";
			productReference = 96E9B15C2FDAEBD000B34741 /* Reddirama.app */;
			productType = "com.apple.product-type.application";
		};
		96E9B16D2FDAEBD000B34741 /* Reddirama (macOS) */ = {
			isa = PBXNativeTarget;
			buildConfigurationList = 96E9B1A52FDAEBD000B34741 /* Build configuration list for PBXNativeTarget "Reddirama (macOS)" */;
			buildPhases = (
				96E9B16A2FDAEBD000B34741 /* Sources */,
				96E9B16B2FDAEBD000B34741 /* Frameworks */,
				96E9B16C2FDAEBD000B34741 /* Resources */,
				96E9B1A42FDAEBD000B34741 /* Embed Foundation Extensions */,
			);
			buildRules = (
			);
			dependencies = (
				96E9B1872FDAEBD000B34741 /* PBXTargetDependency */,
			);
			name = "Reddirama (macOS)";
			packageProductDependencies = (
			);
			productName = "Reddirama (macOS)";
			productReference = 96E9B16E2FDAEBD000B34741 /* Reddirama.app */;
			productType = "com.apple.product-type.application";
		};
		96E9B1792FDAEBD000B34741 /* Reddirama Extension (iOS) */ = {
			isa = PBXNativeTarget;
			buildConfigurationList = 96E9B19A2FDAEBD000B34741 /* Build configuration list for PBXNativeTarget "Reddirama Extension (iOS)" */;
			buildPhases = (
				96E9B1762FDAEBD000B34741 /* Sources */,
				96E9B1772FDAEBD000B34741 /* Frameworks */,
				96E9B1782FDAEBD000B34741 /* Resources */,
			);
			buildRules = (
			);
			dependencies = (
			);
			name = "Reddirama Extension (iOS)";
			packageProductDependencies = (
			);
			productName = "Reddirama Extension (iOS)";
			productReference = 96E9B17A2FDAEBD000B34741 /* Reddirama Extension.appex */;
			productType = "com.apple.product-type.app-extension";
		};
		96E9B1832FDAEBD000B34741 /* Reddirama Extension (macOS) */ = {
			isa = PBXNativeTarget;
			buildConfigurationList = 96E9B1A12FDAEBD000B34741 /* Build configuration list for PBXNativeTarget "Reddirama Extension (macOS)" */;
			buildPhases = (
				96E9B1802FDAEBD000B34741 /* Sources */,
				96E9B1812FDAEBD000B34741 /* Frameworks */,
				96E9B1822FDAEBD000B34741 /* Resources */,
			);
			buildRules = (
			);
			dependencies = (
			);
			name = "Reddirama Extension (macOS)";
			packageProductDependencies = (
			);
			productName = "Reddirama Extension (macOS)";
			productReference = 96E9B1842FDAEBD000B34741 /* Reddirama Extension.appex */;
			productType = "com.apple.product-type.app-extension";
		};
/* End PBXNativeTarget section */

/* Begin PBXProject section */
		96E9B1492FDAEBCE00B34741 /* Project object */ = {
			isa = PBXProject;
			attributes = {
				BuildIndependentTargetsInParallel = 1;
				LastSwiftUpdateCheck = 2650;
				LastUpgradeCheck = 2650;
				TargetAttributes = {
					96E9B15B2FDAEBD000B34741 = {
						CreatedOnToolsVersion = 26.5;
					};
					96E9B16D2FDAEBD000B34741 = {
						CreatedOnToolsVersion = 26.5;
					};
					96E9B1792FDAEBD000B34741 = {
						CreatedOnToolsVersion = 26.5;
					};
					96E9B1832FDAEBD000B34741 = {
						CreatedOnToolsVersion = 26.5;
					};
				};
			};
			buildConfigurationList = 96E9B14C2FDAEBCE00B34741 /* Build configuration list for PBXProject "Reddirama" */;
			developmentRegion = en;
			hasScannedForEncodings = 0;
			knownRegions = (
				en,
				Base,
			);
			mainGroup = 96E9B1482FDAEBCE00B34741;
			minimizedProjectReferenceProxies = 1;
			preferredProjectObjectVersion = 77;
			productRefGroup = 96E9B15D2FDAEBD000B34741 /* Products */;
			projectDirPath = "";
			projectRoot = "";
			targets = (
				96E9B15B2FDAEBD000B34741 /* Reddirama (iOS) */,
				96E9B16D2FDAEBD000B34741 /* Reddirama (macOS) */,
				96E9B1792FDAEBD000B34741 /* Reddirama Extension (iOS) */,
				96E9B1832FDAEBD000B34741 /* Reddirama Extension (macOS) */,
			);
		};
/* End PBXProject section */

/* Begin PBXResourcesBuildPhase section */
		96E9B15A2FDAEBD000B34741 /* Resources */ = {
			isa = PBXResourcesBuildPhase;
			buildActionMask = 2147483647;
			files = (
				96E9B18C2FDAEBD000B34741 /* Icon.png in Resources */,
				96E9B1652FDAEBD000B34741 /* LaunchScreen.storyboard in Resources */,
				96E9B18A2FDAEBD000B34741 /* Main.html in Resources */,
				96E9B1902FDAEBD000B34741 /* Script.js in Resources */,
				96E9B1942FDAEBD000B34741 /* Assets.xcassets in Resources */,
				96E9B1682FDAEBD000B34741 /* Main.storyboard in Resources */,
				96E9B18E2FDAEBD000B34741 /* Style.css in Resources */,
			);
			runOnlyForDeploymentPostprocessing = 0;
		};
		96E9B16C2FDAEBD000B34741 /* Resources */ = {
			isa = PBXResourcesBuildPhase;
			buildActionMask = 2147483647;
			files = (
				96E9B18D2FDAEBD000B34741 /* Icon.png in Resources */,
				96E9B18F2FDAEBD000B34741 /* Style.css in Resources */,
				96E9B1742FDAEBD000B34741 /* Main.storyboard in Resources */,
				96E9B1912FDAEBD000B34741 /* Script.js in Resources */,
				96E9B1952FDAEBD000B34741 /* Assets.xcassets in Resources */,
				96E9B18B2FDAEBD000B34741 /* Main.html in Resources */,
			);
			runOnlyForDeploymentPostprocessing = 0;
		};
		96E9B1782FDAEBD000B34741 /* Resources */ = {
			isa = PBXResourcesBuildPhase;
			buildActionMask = 2147483647;
			files = (
				96E9B1B42FDAEBD400B34741 /* content.js in Resources */,
				96E9B1B12FDAEBD400B34741 /* README.md in Resources */,
				96E9B1B32FDAEBD400B34741 /* manifest.json in Resources */,
				96E9B1B22FDAEBD400B34741 /* icons in Resources */,
			);
			runOnlyForDeploymentPostprocessing = 0;
		};
		96E9B1822FDAEBD000B34741 /* Resources */ = {
			isa = PBXResourcesBuildPhase;
			buildActionMask = 2147483647;
			files = (
				96E9B1B02FDAEBD400B34741 /* content.js in Resources */,
				96E9B1AD2FDAEBD400B34741 /* README.md in Resources */,
				96E9B1AF2FDAEBD400B34741 /* manifest.json in Resources */,
				96E9B1AE2FDAEBD400B34741 /* icons in Resources */,
			);
			runOnlyForDeploymentPostprocessing = 0;
		};
/* End PBXResourcesBuildPhase section */

/* Begin PBXSourcesBuildPhase section */
		96E9B1582FDAEBD000B34741 /* Sources */ = {
			isa = PBXSourcesBuildPhase;
			buildActionMask = 2147483647;
			files = (
				96E9B1922FDAEBD000B34741 /* ViewController.swift in Sources */,
				96E9B1602FDAEBD000B34741 /* AppDelegate.swift in Sources */,
				96E9B1622FDAEBD000B34741 /* SceneDelegate.swift in Sources */,
			);
			runOnlyForDeploymentPostprocessing = 0;
		};
		96E9B16A2FDAEBD000B34741 /* Sources */ = {
			isa = PBXSourcesBuildPhase;
			buildActionMask = 2147483647;
			files = (
				96E9B1932FDAEBD000B34741 /* ViewController.swift in Sources */,
				96E9B1712FDAEBD000B34741 /* AppDelegate.swift in Sources */,
			);
			runOnlyForDeploymentPostprocessing = 0;
		};
		96E9B1762FDAEBD000B34741 /* Sources */ = {
			isa = PBXSourcesBuildPhase;
			buildActionMask = 2147483647;
			files = (
				96E9B1962FDAEBD000B34741 /* SafariWebExtensionHandler.swift in Sources */,
			);
			runOnlyForDeploymentPostprocessing = 0;
		};
		96E9B1802FDAEBD000B34741 /* Sources */ = {
			isa = PBXSourcesBuildPhase;
			buildActionMask = 2147483647;
			files = (
				96E9B1972FDAEBD000B34741 /* SafariWebExtensionHandler.swift in Sources */,
			);
			runOnlyForDeploymentPostprocessing = 0;
		};
/* End PBXSourcesBuildPhase section */

/* Begin PBXTargetDependency section */
		96E9B17D2FDAEBD000B34741 /* PBXTargetDependency */ = {
			isa = PBXTargetDependency;
			target = 96E9B1792FDAEBD000B34741 /* Reddirama Extension (iOS) */;
			targetProxy = 96E9B17C2FDAEBD000B34741 /* PBXContainerItemProxy */;
		};
		96E9B1872FDAEBD000B34741 /* PBXTargetDependency */ = {
			isa = PBXTargetDependency;
			target = 96E9B1832FDAEBD000B34741 /* Reddirama Extension (macOS) */;
			targetProxy = 96E9B1862FDAEBD000B34741 /* PBXContainerItemProxy */;
		};
/* End PBXTargetDependency section */

/* Begin PBXVariantGroup section */
		96E9B14F2FDAEBCE00B34741 /* Main.html */ = {
			isa = PBXVariantGroup;
			children = (
				96E9B1502FDAEBCE00B34741 /* Base */,
			);
			name = Main.html;
			sourceTree = "<group>";
		};
		96E9B1632FDAEBD000B34741 /* LaunchScreen.storyboard */ = {
			isa = PBXVariantGroup;
			children = (
				96E9B1642FDAEBD000B34741 /* Base */,
			);
			name = LaunchScreen.storyboard;
			sourceTree = "<group>";
		};
		96E9B1662FDAEBD000B34741 /* Main.storyboard */ = {
			isa = PBXVariantGroup;
			children = (
				96E9B1672FDAEBD000B34741 /* Base */,
			);
			name = Main.storyboard;
			sourceTree = "<group>";
		};
		96E9B1722FDAEBD000B34741 /* Main.storyboard */ = {
			isa = PBXVariantGroup;
			children = (
				96E9B1732FDAEBD000B34741 /* Base */,
			);
			name = Main.storyboard;
			sourceTree = "<group>";
		};
/* End PBXVariantGroup section */

/* Begin XCBuildConfiguration section */
		96E9B1982FDAEBD000B34741 /* Debug */ = {
			isa = XCBuildConfiguration;
			buildSettings = {
				ALWAYS_SEARCH_USER_PATHS = NO;
				ASSETCATALOG_COMPILER_GENERATE_SWIFT_ASSET_SYMBOL_EXTENSIONS = YES;
				CLANG_ANALYZER_NONNULL = YES;
				CLANG_ANALYZER_NUMBER_OBJECT_CONVERSION = YES_AGGRESSIVE;
				CLANG_CXX_LANGUAGE_STANDARD = "gnu++20";
				CLANG_ENABLE_MODULES = YES;
				CLANG_ENABLE_OBJC_ARC = YES;
				CLANG_ENABLE_OBJC_WEAK = YES;
				CLANG_WARN_BLOCK_CAPTURE_AUTORELEASING = YES;
				CLANG_WARN_BOOL_CONVERSION = YES;
				CLANG_WARN_COMMA = YES;
				CLANG_WARN_CONSTANT_CONVERSION = YES;
				CLANG_WARN_DEPRECATED_OBJC_IMPLEMENTATIONS = YES;
				CLANG_WARN_DIRECT_OBJC_ISA_USAGE = YES_ERROR;
				CLANG_WARN_DOCUMENTATION_COMMENTS = YES;
				CLANG_WARN_EMPTY_BODY = YES;
				CLANG_WARN_ENUM_CONVERSION = YES;
				CLANG_WARN_INFINITE_RECURSION = YES;
				CLANG_WARN_INT_CONVERSION = YES;
				CLANG_WARN_NON_LITERAL_NULL_CONVERSION = YES;
				CLANG_WARN_OBJC_IMPLICIT_RETAIN_SELF = YES;
				CLANG_WARN_OBJC_LITERAL_CONVERSION = YES;
				CLANG_WARN_OBJC_ROOT_CLASS = YES_ERROR;
				CLANG_WARN_QUOTED_INCLUDE_IN_FRAMEWORK_HEADER = YES;
				CLANG_WARN_RANGE_LOOP_ANALYSIS = YES;
				CLANG_WARN_STRICT_PROTOTYPES = YES;
				CLANG_WARN_SUSPICIOUS_MOVE = YES;
				CLANG_WARN_UNGUARDED_AVAILABILITY = YES_AGGRESSIVE;
				CLANG_WARN_UNREACHABLE_CODE = YES;
				CLANG_WARN__DUPLICATE_METHOD_MATCH = YES;
				COPY_PHASE_STRIP = NO;
				DEBUG_INFORMATION_FORMAT = dwarf;
				ENABLE_STRICT_OBJC_MSGSEND = YES;
				ENABLE_TESTABILITY = YES;
				ENABLE_USER_SCRIPT_SANDBOXING = YES;
				GCC_C_LANGUAGE_STANDARD = gnu17;
				GCC_DYNAMIC_NO_PIC = NO;
				GCC_NO_COMMON_BLOCKS = YES;
				GCC_OPTIMIZATION_LEVEL = 0;
				GCC_PREPROCESSOR_DEFINITIONS = (
					"DEBUG=1",
					"$(inherited)",
				);
				GCC_WARN_64_TO_32_BIT_CONVERSION = YES;
				GCC_WARN_ABOUT_RETURN_TYPE = YES_ERROR;
				GCC_WARN_UNDECLARED_SELECTOR = YES;
				GCC_WARN_UNINITIALIZED_AUTOS = YES_AGGRESSIVE;
				GCC_WARN_UNUSED_FUNCTION = YES;
				GCC_WARN_UNUSED_VARIABLE = YES;
				LOCALIZATION_PREFERS_STRING_CATALOGS = YES;
				MTL_ENABLE_DEBUG_INFO = INCLUDE_SOURCE;
				MTL_FAST_MATH = YES;
				ONLY_ACTIVE_ARCH = YES;
				SWIFT_ACTIVE_COMPILATION_CONDITIONS = "DEBUG $(inherited)";
				SWIFT_OPTIMIZATION_LEVEL = "-Onone";
			};
			name = Debug;
		};
		96E9B1992FDAEBD000B34741 /* Release */ = {
			isa = XCBuildConfiguration;
			buildSettings = {
				ALWAYS_SEARCH_USER_PATHS = NO;
				ASSETCATALOG_COMPILER_GENERATE_SWIFT_ASSET_SYMBOL_EXTENSIONS = YES;
				CLANG_ANALYZER_NONNULL = YES;
				CLANG_ANALYZER_NUMBER_OBJECT_CONVERSION = YES_AGGRESSIVE;
				CLANG_CXX_LANGUAGE_STANDARD = "gnu++20";
				CLANG_ENABLE_MODULES = YES;
				CLANG_ENABLE_OBJC_ARC = YES;
				CLANG_ENABLE_OBJC_WEAK = YES;
				CLANG_WARN_BLOCK_CAPTURE_AUTORELEASING = YES;
				CLANG_WARN_BOOL_CONVERSION = YES;
				CLANG_WARN_COMMA = YES;
				CLANG_WARN_CONSTANT_CONVERSION = YES;
				CLANG_WARN_DEPRECATED_OBJC_IMPLEMENTATIONS = YES;
				CLANG_WARN_DIRECT_OBJC_ISA_USAGE = YES_ERROR;
				CLANG_WARN_DOCUMENTATION_COMMENTS = YES;
				CLANG_WARN_EMPTY_BODY = YES;
				CLANG_WARN_ENUM_CONVERSION = YES;
				CLANG_WARN_INFINITE_RECURSION = YES;
				CLANG_WARN_INT_CONVERSION = YES;
				CLANG_WARN_NON_LITERAL_NULL_CONVERSION = YES;
				CLANG_WARN_OBJC_IMPLICIT_RETAIN_SELF = YES;
				CLANG_WARN_OBJC_LITERAL_CONVERSION = YES;
				CLANG_WARN_OBJC_ROOT_CLASS = YES_ERROR;
				CLANG_WARN_QUOTED_INCLUDE_IN_FRAMEWORK_HEADER = YES;
				CLANG_WARN_RANGE_LOOP_ANALYSIS = YES;
				CLANG_WARN_STRICT_PROTOTYPES = YES;
				CLANG_WARN_SUSPICIOUS_MOVE = YES;
				CLANG_WARN_UNGUARDED_AVAILABILITY = YES_AGGRESSIVE;
				CLANG_WARN_UNREACHABLE_CODE = YES;
				CLANG_WARN__DUPLICATE_METHOD_MATCH = YES;
				COPY_PHASE_STRIP = NO;
				DEBUG_INFORMATION_FORMAT = "dwarf-with-dsym";
				ENABLE_NS_ASSERTIONS = NO;
				ENABLE_STRICT_OBJC_MSGSEND = YES;
				ENABLE_USER_SCRIPT_SANDBOXING = YES;
				GCC_C_LANGUAGE_STANDARD = gnu17;
				GCC_NO_COMMON_BLOCKS = YES;
				GCC_WARN_64_TO_32_BIT_CONVERSION = YES;
				GCC_WARN_ABOUT_RETURN_TYPE = YES_ERROR;
				GCC_WARN_UNDECLARED_SELECTOR = YES;
				GCC_WARN_UNINITIALIZED_AUTOS = YES_AGGRESSIVE;
				GCC_WARN_UNUSED_FUNCTION = YES;
				GCC_WARN_UNUSED_VARIABLE = YES;
				LOCALIZATION_PREFERS_STRING_CATALOGS = YES;
				MTL_ENABLE_DEBUG_INFO = NO;
				MTL_FAST_MATH = YES;
				SWIFT_COMPILATION_MODE = wholemodule;
			};
			name = Release;
		};
		96E9B19B2FDAEBD000B34741 /* Debug */ = {
			isa = XCBuildConfiguration;
			buildSettings = {
				CODE_SIGN_STYLE = Automatic;
				CURRENT_PROJECT_VERSION = 1;
				GENERATE_INFOPLIST_FILE = YES;
				INFOPLIST_FILE = "iOS (Extension)/Info.plist";
				INFOPLIST_KEY_CFBundleDisplayName = "Reddirama Extension";
				INFOPLIST_KEY_NSHumanReadableCopyright = "";
				IPHONEOS_DEPLOYMENT_TARGET = 15.0;
				LD_RUNPATH_SEARCH_PATHS = (
					"$(inherited)",
					"@executable_path/Frameworks",
					"@executable_path/../../Frameworks",
				);
				MARKETING_VERSION = 1.0;
				OTHER_LDFLAGS = (
					"-framework",
					SafariServices,
				);
				PRODUCT_BUNDLE_IDENTIFIER = io.github.zaaphod42.reddirama.Extension;
				PRODUCT_NAME = "Reddirama Extension";
				SDKROOT = iphoneos;
				SKIP_INSTALL = YES;
				STRING_CATALOG_GENERATE_SYMBOLS = YES;
				SWIFT_APPROACHABLE_CONCURRENCY = YES;
				SWIFT_EMIT_LOC_STRINGS = YES;
				SWIFT_UPCOMING_FEATURE_MEMBER_IMPORT_VISIBILITY = YES;
				SWIFT_VERSION = 5.0;
				TARGETED_DEVICE_FAMILY = "1,2";
			};
			name = Debug;
		};
		96E9B19C2FDAEBD000B34741 /* Release */ = {
			isa = XCBuildConfiguration;
			buildSettings = {
				CODE_SIGN_STYLE = Automatic;
				CURRENT_PROJECT_VERSION = 1;
				GENERATE_INFOPLIST_FILE = YES;
				INFOPLIST_FILE = "iOS (Extension)/Info.plist";
				INFOPLIST_KEY_CFBundleDisplayName = "Reddirama Extension";
				INFOPLIST_KEY_NSHumanReadableCopyright = "";
				IPHONEOS_DEPLOYMENT_TARGET = 15.0;
				LD_RUNPATH_SEARCH_PATHS = (
					"$(inherited)",
					"@executable_path/Frameworks",
					"@executable_path/../../Frameworks",
				);
				MARKETING_VERSION = 1.0;
				OTHER_LDFLAGS = (
					"-framework",
					SafariServices,
				);
				PRODUCT_BUNDLE_IDENTIFIER = io.github.zaaphod42.reddirama.Extension;
				PRODUCT_NAME = "Reddirama Extension";
				SDKROOT = iphoneos;
				SKIP_INSTALL = YES;
				STRING_CATALOG_GENERATE_SYMBOLS = YES;
				SWIFT_APPROACHABLE_CONCURRENCY = YES;
				SWIFT_EMIT_LOC_STRINGS = YES;
				SWIFT_UPCOMING_FEATURE_MEMBER_IMPORT_VISIBILITY = YES;
				SWIFT_VERSION = 5.0;
				TARGETED_DEVICE_FAMILY = "1,2";
				VALIDATE_PRODUCT = YES;
			};
			name = Release;
		};
		96E9B19F2FDAEBD000B34741 /* Debug */ = {
			isa = XCBuildConfiguration;
			buildSettings = {
				ASSETCATALOG_COMPILER_APPICON_NAME = AppIcon;
				ASSETCATALOG_COMPILER_GLOBAL_ACCENT_COLOR_NAME = AccentColor;
				CODE_SIGN_STYLE = Automatic;
				CURRENT_PROJECT_VERSION = 1;
				GENERATE_INFOPLIST_FILE = YES;
				INFOPLIST_FILE = "iOS (App)/Info.plist";
				INFOPLIST_KEY_CFBundleDisplayName = Reddirama;
				INFOPLIST_KEY_UIApplicationSupportsIndirectInputEvents = YES;
				INFOPLIST_KEY_UILaunchStoryboardName = LaunchScreen;
				INFOPLIST_KEY_UIMainStoryboardFile = Main;
				INFOPLIST_KEY_UISupportedInterfaceOrientations = "UIInterfaceOrientationPortrait UIInterfaceOrientationLandscapeLeft UIInterfaceOrientationLandscapeRight";
				INFOPLIST_KEY_UISupportedInterfaceOrientations_iPad = "UIInterfaceOrientationPortrait UIInterfaceOrientationPortraitUpsideDown UIInterfaceOrientationLandscapeLeft UIInterfaceOrientationLandscapeRight";
				IPHONEOS_DEPLOYMENT_TARGET = 15.0;
				LD_RUNPATH_SEARCH_PATHS = (
					"$(inherited)",
					"@executable_path/Frameworks",
				);
				MARKETING_VERSION = 1.0;
				OTHER_LDFLAGS = (
					"-framework",
					SafariServices,
					"-framework",
					WebKit,
				);
				PRODUCT_BUNDLE_IDENTIFIER = io.github.zaaphod42.reddirama;
				PRODUCT_NAME = Reddirama;
				SDKROOT = iphoneos;
				STRING_CATALOG_GENERATE_SYMBOLS = YES;
				SWIFT_APPROACHABLE_CONCURRENCY = YES;
				SWIFT_DEFAULT_ACTOR_ISOLATION = MainActor;
				SWIFT_EMIT_LOC_STRINGS = YES;
				SWIFT_UPCOMING_FEATURE_MEMBER_IMPORT_VISIBILITY = YES;
				SWIFT_VERSION = 5.0;
				TARGETED_DEVICE_FAMILY = "1,2";
			};
			name = Debug;
		};
		96E9B1A02FDAEBD000B34741 /* Release */ = {
			isa = XCBuildConfiguration;
			buildSettings = {
				ASSETCATALOG_COMPILER_APPICON_NAME = AppIcon;
				ASSETCATALOG_COMPILER_GLOBAL_ACCENT_COLOR_NAME = AccentColor;
				CODE_SIGN_STYLE = Automatic;
				CURRENT_PROJECT_VERSION = 1;
				GENERATE_INFOPLIST_FILE = YES;
				INFOPLIST_FILE = "iOS (App)/Info.plist";
				INFOPLIST_KEY_CFBundleDisplayName = Reddirama;
				INFOPLIST_KEY_UIApplicationSupportsIndirectInputEvents = YES;
				INFOPLIST_KEY_UILaunchStoryboardName = LaunchScreen;
				INFOPLIST_KEY_UIMainStoryboardFile = Main;
				INFOPLIST_KEY_UISupportedInterfaceOrientations = "UIInterfaceOrientationPortrait UIInterfaceOrientationLandscapeLeft UIInterfaceOrientationLandscapeRight";
				INFOPLIST_KEY_UISupportedInterfaceOrientations_iPad = "UIInterfaceOrientationPortrait UIInterfaceOrientationPortraitUpsideDown UIInterfaceOrientationLandscapeLeft UIInterfaceOrientationLandscapeRight";
				IPHONEOS_DEPLOYMENT_TARGET = 15.0;
				LD_RUNPATH_SEARCH_PATHS = (
					"$(inherited)",
					"@executable_path/Frameworks",
				);
				MARKETING_VERSION = 1.0;
				OTHER_LDFLAGS = (
					"-framework",
					SafariServices,
					"-framework",
					WebKit,
				);
				PRODUCT_BUNDLE_IDENTIFIER = io.github.zaaphod42.reddirama;
				PRODUCT_NAME = Reddirama;
				SDKROOT = iphoneos;
				STRING_CATALOG_GENERATE_SYMBOLS = YES;
				SWIFT_APPROACHABLE_CONCURRENCY = YES;
				SWIFT_DEFAULT_ACTOR_ISOLATION = MainActor;
				SWIFT_EMIT_LOC_STRINGS = YES;
				SWIFT_UPCOMING_FEATURE_MEMBER_IMPORT_VISIBILITY = YES;
				SWIFT_VERSION = 5.0;
				TARGETED_DEVICE_FAMILY = "1,2";
				VALIDATE_PRODUCT = YES;
			};
			name = Release;
		};
		96E9B1A22FDAEBD000B34741 /* Debug */ = {
			isa = XCBuildConfiguration;
			buildSettings = {
				CODE_SIGN_STYLE = Automatic;
				CURRENT_PROJECT_VERSION = 1;
				ENABLE_APP_SANDBOX = YES;
				ENABLE_HARDENED_RUNTIME = YES;
				ENABLE_USER_SELECTED_FILES = readonly;
				GENERATE_INFOPLIST_FILE = YES;
				INFOPLIST_FILE = "macOS (Extension)/Info.plist";
				INFOPLIST_KEY_CFBundleDisplayName = "Reddirama Extension";
				INFOPLIST_KEY_NSHumanReadableCopyright = "";
				LD_RUNPATH_SEARCH_PATHS = (
					"$(inherited)",
					"@executable_path/../Frameworks",
					"@executable_path/../../../../Frameworks",
				);
				MACOSX_DEPLOYMENT_TARGET = 10.14;
				MARKETING_VERSION = 1.0;
				OTHER_LDFLAGS = (
					"-framework",
					SafariServices,
				);
				PRODUCT_BUNDLE_IDENTIFIER = io.github.zaaphod42.reddirama.Extension;
				PRODUCT_NAME = "Reddirama Extension";
				SDKROOT = macosx;
				SKIP_INSTALL = YES;
				STRING_CATALOG_GENERATE_SYMBOLS = YES;
				SWIFT_APPROACHABLE_CONCURRENCY = YES;
				SWIFT_EMIT_LOC_STRINGS = YES;
				SWIFT_UPCOMING_FEATURE_MEMBER_IMPORT_VISIBILITY = YES;
				SWIFT_VERSION = 5.0;
			};
			name = Debug;
		};
		96E9B1A32FDAEBD000B34741 /* Release */ = {
			isa = XCBuildConfiguration;
			buildSettings = {
				CODE_SIGN_STYLE = Automatic;
				CURRENT_PROJECT_VERSION = 1;
				ENABLE_APP_SANDBOX = YES;
				ENABLE_HARDENED_RUNTIME = YES;
				ENABLE_USER_SELECTED_FILES = readonly;
				GENERATE_INFOPLIST_FILE = YES;
				INFOPLIST_FILE = "macOS (Extension)/Info.plist";
				INFOPLIST_KEY_CFBundleDisplayName = "Reddirama Extension";
				INFOPLIST_KEY_NSHumanReadableCopyright = "";
				LD_RUNPATH_SEARCH_PATHS = (
					"$(inherited)",
					"@executable_path/../Frameworks",
					"@executable_path/../../../../Frameworks",
				);
				MACOSX_DEPLOYMENT_TARGET = 10.14;
				MARKETING_VERSION = 1.0;
				OTHER_LDFLAGS = (
					"-framework",
					SafariServices,
				);
				PRODUCT_BUNDLE_IDENTIFIER = io.github.zaaphod42.reddirama.Extension;
				PRODUCT_NAME = "Reddirama Extension";
				SDKROOT = macosx;
				SKIP_INSTALL = YES;
				STRING_CATALOG_GENERATE_SYMBOLS = YES;
				SWIFT_APPROACHABLE_CONCURRENCY = YES;
				SWIFT_EMIT_LOC_STRINGS = YES;
				SWIFT_UPCOMING_FEATURE_MEMBER_IMPORT_VISIBILITY = YES;
				SWIFT_VERSION = 5.0;
			};
			name = Release;
		};
		96E9B1A62FDAEBD000B34741 /* Debug */ = {
			isa = XCBuildConfiguration;
			buildSettings = {
				ASSETCATALOG_COMPILER_APPICON_NAME = AppIcon;
				ASSETCATALOG_COMPILER_GLOBAL_ACCENT_COLOR_NAME = AccentColor;
				CODE_SIGN_STYLE = Automatic;
				CURRENT_PROJECT_VERSION = 1;
				ENABLE_APP_SANDBOX = YES;
				ENABLE_HARDENED_RUNTIME = YES;
				ENABLE_OUTGOING_NETWORK_CONNECTIONS = YES;
				ENABLE_USER_SELECTED_FILES = readonly;
				GENERATE_INFOPLIST_FILE = YES;
				INFOPLIST_FILE = "macOS (App)/Info.plist";
				INFOPLIST_KEY_CFBundleDisplayName = Reddirama;
				INFOPLIST_KEY_NSMainStoryboardFile = Main;
				INFOPLIST_KEY_NSPrincipalClass = NSApplication;
				LD_RUNPATH_SEARCH_PATHS = (
					"$(inherited)",
					"@executable_path/../Frameworks",
				);
				MACOSX_DEPLOYMENT_TARGET = 10.14;
				MARKETING_VERSION = 1.0;
				OTHER_LDFLAGS = (
					"-framework",
					SafariServices,
					"-framework",
					WebKit,
				);
				PRODUCT_BUNDLE_IDENTIFIER = io.github.zaaphod42.reddirama;
				PRODUCT_NAME = Reddirama;
				REGISTER_APP_GROUPS = YES;
				SDKROOT = macosx;
				STRING_CATALOG_GENERATE_SYMBOLS = YES;
				SWIFT_APPROACHABLE_CONCURRENCY = YES;
				SWIFT_DEFAULT_ACTOR_ISOLATION = MainActor;
				SWIFT_EMIT_LOC_STRINGS = YES;
				SWIFT_UPCOMING_FEATURE_MEMBER_IMPORT_VISIBILITY = YES;
				SWIFT_VERSION = 5.0;
			};
			name = Debug;
		};
		96E9B1A72FDAEBD000B34741 /* Release */ = {
			isa = XCBuildConfiguration;
			buildSettings = {
				ASSETCATALOG_COMPILER_APPICON_NAME = AppIcon;
				ASSETCATALOG_COMPILER_GLOBAL_ACCENT_COLOR_NAME = AccentColor;
				CODE_SIGN_STYLE = Automatic;
				CURRENT_PROJECT_VERSION = 1;
				ENABLE_APP_SANDBOX = YES;
				ENABLE_HARDENED_RUNTIME = YES;
				ENABLE_OUTGOING_NETWORK_CONNECTIONS = YES;
				ENABLE_USER_SELECTED_FILES = readonly;
				GENERATE_INFOPLIST_FILE = YES;
				INFOPLIST_FILE = "macOS (App)/Info.plist";
				INFOPLIST_KEY_CFBundleDisplayName = Reddirama;
				INFOPLIST_KEY_NSMainStoryboardFile = Main;
				INFOPLIST_KEY_NSPrincipalClass = NSApplication;
				LD_RUNPATH_SEARCH_PATHS = (
					"$(inherited)",
					"@executable_path/../Frameworks",
				);
				MACOSX_DEPLOYMENT_TARGET = 10.14;
				MARKETING_VERSION = 1.0;
				OTHER_LDFLAGS = (
					"-framework",
					SafariServices,
					"-framework",
					WebKit,
				);
				PRODUCT_BUNDLE_IDENTIFIER = io.github.zaaphod42.reddirama;
				PRODUCT_NAME = Reddirama;
				REGISTER_APP_GROUPS = YES;
				SDKROOT = macosx;
				STRING_CATALOG_GENERATE_SYMBOLS = YES;
				SWIFT_APPROACHABLE_CONCURRENCY = YES;
				SWIFT_DEFAULT_ACTOR_ISOLATION = MainActor;
				SWIFT_EMIT_LOC_STRINGS = YES;
				SWIFT_UPCOMING_FEATURE_MEMBER_IMPORT_VISIBILITY = YES;
				SWIFT_VERSION = 5.0;
			};
			name = Release;
		};
/* End XCBuildConfiguration section */

/* Begin XCConfigurationList section */
		96E9B14C2FDAEBCE00B34741 /* Build configuration list for PBXProject "Reddirama" */ = {
			isa = XCConfigurationList;
			buildConfigurations = (
				96E9B1982FDAEBD000B34741 /* Debug */,
				96E9B1992FDAEBD000B34741 /* Release */,
			);
			defaultConfigurationIsVisible = 0;
			defaultConfigurationName = Release;
		};
		96E9B19A2FDAEBD000B34741 /* Build configuration list for PBXNativeTarget "Reddirama Extension (iOS)" */ = {
			isa = XCConfigurationList;
			buildConfigurations = (
				96E9B19B2FDAEBD000B34741 /* Debug */,
				96E9B19C2FDAEBD000B34741 /* Release */,
			);
			defaultConfigurationIsVisible = 0;
			defaultConfigurationName = Release;
		};
		96E9B19E2FDAEBD000B34741 /* Build configuration list for PBXNativeTarget "Reddirama (iOS)" */ = {
			isa = XCConfigurationList;
			buildConfigurations = (
				96E9B19F2FDAEBD000B34741 /* Debug */,
				96E9B1A02FDAEBD000B34741 /* Release */,
			);
			defaultConfigurationIsVisible = 0;
			defaultConfigurationName = Release;
		};
		96E9B1A12FDAEBD000B34741 /* Build configuration list for PBXNativeTarget "Reddirama Extension (macOS)" */ = {
			isa = XCConfigurationList;
			buildConfigurations = (
				96E9B1A22FDAEBD000B34741 /* Debug */,
				96E9B1A32FDAEBD000B34741 /* Release */,
			);
			defaultConfigurationIsVisible = 0;
			defaultConfigurationName = Release;
		};
		96E9B1A52FDAEBD000B34741 /* Build configuration list for PBXNativeTarget "Reddirama (macOS)" */ = {
			isa = XCConfigurationList;
			buildConfigurations = (
				96E9B1A62FDAEBD000B34741 /* Debug */,
				96E9B1A72FDAEBD000B34741 /* Release */,
			);
			defaultConfigurationIsVisible = 0;
			defaultConfigurationName = Release;
		};
/* End XCConfigurationList section */
	};
	rootObject = 96E9B1492FDAEBCE00B34741 /* Project object */;
}
